// !$*UTF8*$!
{
    archiveVersion = 1;
    classes = {};
    objectVersion = 46;
    rootObject = __RootObject_;
    objects = {
        __RootObject_ = {
            isa = PBXProject;
            attributes = {LastUpgradeCheck = 9999;};
            buildConfigurationList = ___RootConfs_;
            compatibilityVersion = 'Xcode 3.2';
            developmentRegion = English;
            hasScannedForEncodings = 0;
            knownRegions = (en);
            mainGroup = ___RootGroup_;
            productRefGroup = ____Products_;
            projectDirPath = '';
            projectRoot = '';
            targets = (______Target_MySQL, ______Target_SQLFormatter, ______Target_MySQLTestSuite, ______Target_SQLFormatterTestSuite);
        };
        '__PBXFileRef_Package.swift' = {
            isa = PBXFileReference;
            lastKnownFileType = sourcecode.swift;
            name = 'Package.swift';
            path = 'Package.swift';
            sourceTree = '<group>';
        };
        ___RootGroup_ = {
            isa = PBXGroup;
            children = ('__PBXFileRef_Package.swift', _____Configs_, _____Sources_, Dependencies_, _______Tests_, ____Products_);
            sourceTree = '<group>';
        };
        _______Group_MySQL = {
            isa = PBXGroup;
            name = MySQL;
            path = 'Sources/MySQL';
            sourceTree = '<group>';
            children = ('__PBXFileRef_Sources/MySQL/Blob.swift', '__PBXFileRef_Sources/MySQL/Connection.swift', '__PBXFileRef_Sources/MySQL/ConnectionPool.swift', '__PBXFileRef_Sources/MySQL/Date.swift', '__PBXFileRef_Sources/MySQL/Error.swift', '__PBXFileRef_Sources/MySQL/ParameterBuilder.swift', '__PBXFileRef_Sources/MySQL/Query.swift', '__PBXFileRef_Sources/MySQL/QueryParameterType.swift', '__PBXFileRef_Sources/MySQL/Result.swift', '__PBXFileRef_Sources/MySQL/ResultExtention.swift', '__PBXFileRef_Sources/MySQL/ResultType.swift', '__PBXFileRef_Sources/MySQL/SQLType.swift', '__PBXFileRef_Sources/MySQL/Sync.swift', '__PBXFileRef_Sources/MySQL/Transaction.swift');
        };
        '__PBXFileRef_Sources/MySQL/Blob.swift' = {
            isa = PBXFileReference;
            lastKnownFileType = sourcecode.swift;
            name = 'Blob.swift';
            sourceTree = '<group>';
        };
        '__PBXFileRef_Sources/MySQL/Connection.swift' = {
            isa = PBXFileReference;
            lastKnownFileType = sourcecode.swift;
            name = 'Connection.swift';
            sourceTree = '<group>';
        };
        '__PBXFileRef_Sources/MySQL/ConnectionPool.swift' = {
            isa = PBXFileReference;
            lastKnownFileType = sourcecode.swift;
            name = 'ConnectionPool.swift';
            sourceTree = '<group>';
        };
        '__PBXFileRef_Sources/MySQL/Date.swift' = {
            isa = PBXFileReference;
            lastKnownFileType = sourcecode.swift;
            name = 'Date.swift';
            sourceTree = '<group>';
        };
        '__PBXFileRef_Sources/MySQL/Error.swift' = {
            isa = PBXFileReference;
            lastKnownFileType = sourcecode.swift;
            name = 'Error.swift';
            sourceTree = '<group>';
        };
        '__PBXFileRef_Sources/MySQL/ParameterBuilder.swift' = {
            isa = PBXFileReference;
            lastKnownFileType = sourcecode.swift;
            name = 'ParameterBuilder.swift';
            sourceTree = '<group>';
        };
        '__PBXFileRef_Sources/MySQL/Query.swift' = {
            isa = PBXFileReference;
            lastKnownFileType = sourcecode.swift;
            name = 'Query.swift';
            sourceTree = '<group>';
        };
        '__PBXFileRef_Sources/MySQL/QueryParameterType.swift' = {
            isa = PBXFileReference;
            lastKnownFileType = sourcecode.swift;
            name = 'QueryParameterType.swift';
            sourceTree = '<group>';
        };
        '__PBXFileRef_Sources/MySQL/Result.swift' = {
            isa = PBXFileReference;
            lastKnownFileType = sourcecode.swift;
            name = 'Result.swift';
            sourceTree = '<group>';
        };
        '__PBXFileRef_Sources/MySQL/ResultExtention.swift' = {
            isa = PBXFileReference;
            lastKnownFileType = sourcecode.swift;
            name = 'ResultExtention.swift';
            sourceTree = '<group>';
        };
        '__PBXFileRef_Sources/MySQL/ResultType.swift' = {
            isa = PBXFileReference;
            lastKnownFileType = sourcecode.swift;
            name = 'ResultType.swift';
            sourceTree = '<group>';
        };
        '__PBXFileRef_Sources/MySQL/SQLType.swift' = {
            isa = PBXFileReference;
            lastKnownFileType = sourcecode.swift;
            name = 'SQLType.swift';
            sourceTree = '<group>';
        };
        '__PBXFileRef_Sources/MySQL/Sync.swift' = {
            isa = PBXFileReference;
            lastKnownFileType = sourcecode.swift;
            name = 'Sync.swift';
            sourceTree = '<group>';
        };
        '__PBXFileRef_Sources/MySQL/Transaction.swift' = {
            isa = PBXFileReference;
            lastKnownFileType = sourcecode.swift;
            name = 'Transaction.swift';
            sourceTree = '<group>';
        };
        ______Target_MySQL = {
            isa = PBXNativeTarget;
            buildConfigurationList = _______Confs_MySQL;
            buildPhases = (CompilePhase_MySQL, ___LinkPhase_MySQL);
            buildRules = ();
            dependencies = (__Dependency_SQLFormatter);
            name = MySQL;
            productName = MySQL;
            productReference = _____Product_MySQL;
            productType = 'com.apple.product-type.library.dynamic';
        };
        _____Product_MySQL = {
            isa = PBXFileReference;
            explicitFileType = 'compiled.mach-o.dylib';
            path = 'MySQL.dylib';
            sourceTree = BUILT_PRODUCTS_DIR;
        };
        CompilePhase_MySQL = {
            isa = PBXSourcesBuildPhase;
            files = ('__src_cc_ref_Sources/MySQL/Blob.swift', '__src_cc_ref_Sources/MySQL/Connection.swift', '__src_cc_ref_Sources/MySQL/ConnectionPool.swift', '__src_cc_ref_Sources/MySQL/Date.swift', '__src_cc_ref_Sources/MySQL/Error.swift', '__src_cc_ref_Sources/MySQL/ParameterBuilder.swift', '__src_cc_ref_Sources/MySQL/Query.swift', '__src_cc_ref_Sources/MySQL/QueryParameterType.swift', '__src_cc_ref_Sources/MySQL/Result.swift', '__src_cc_ref_Sources/MySQL/ResultExtention.swift', '__src_cc_ref_Sources/MySQL/ResultType.swift', '__src_cc_ref_Sources/MySQL/SQLType.swift', '__src_cc_ref_Sources/MySQL/Sync.swift', '__src_cc_ref_Sources/MySQL/Transaction.swift');
            runOnlyForDeploymentPostprocessing = 0;
        };
        ___LinkPhase_MySQL = {
            isa = PBXFrameworksBuildPhase;
            files = (_LinkFileRef_SQLFormatter);
            runOnlyForDeploymentPostprocessing = 0;
        };
        '__src_cc_ref_Sources/MySQL/Blob.swift' = {
            isa = PBXBuildFile;
            fileRef = '__PBXFileRef_Sources/MySQL/Blob.swift';
        };
        '__src_cc_ref_Sources/MySQL/Connection.swift' = {
            isa = PBXBuildFile;
            fileRef = '__PBXFileRef_Sources/MySQL/Connection.swift';
        };
        '__src_cc_ref_Sources/MySQL/ConnectionPool.swift' = {
            isa = PBXBuildFile;
            fileRef = '__PBXFileRef_Sources/MySQL/ConnectionPool.swift';
        };
        '__src_cc_ref_Sources/MySQL/Date.swift' = {
            isa = PBXBuildFile;
            fileRef = '__PBXFileRef_Sources/MySQL/Date.swift';
        };
        '__src_cc_ref_Sources/MySQL/Error.swift' = {
            isa = PBXBuildFile;
            fileRef = '__PBXFileRef_Sources/MySQL/Error.swift';
        };
        '__src_cc_ref_Sources/MySQL/ParameterBuilder.swift' = {
            isa = PBXBuildFile;
            fileRef = '__PBXFileRef_Sources/MySQL/ParameterBuilder.swift';
        };
        '__src_cc_ref_Sources/MySQL/Query.swift' = {
            isa = PBXBuildFile;
            fileRef = '__PBXFileRef_Sources/MySQL/Query.swift';
        };
        '__src_cc_ref_Sources/MySQL/QueryParameterType.swift' = {
            isa = PBXBuildFile;
            fileRef = '__PBXFileRef_Sources/MySQL/QueryParameterType.swift';
        };
        '__src_cc_ref_Sources/MySQL/Result.swift' = {
            isa = PBXBuildFile;
            fileRef = '__PBXFileRef_Sources/MySQL/Result.swift';
        };
        '__src_cc_ref_Sources/MySQL/ResultExtention.swift' = {
            isa = PBXBuildFile;
            fileRef = '__PBXFileRef_Sources/MySQL/ResultExtention.swift';
        };
        '__src_cc_ref_Sources/MySQL/ResultType.swift' = {
            isa = PBXBuildFile;
            fileRef = '__PBXFileRef_Sources/MySQL/ResultType.swift';
        };
        '__src_cc_ref_Sources/MySQL/SQLType.swift' = {
            isa = PBXBuildFile;
            fileRef = '__PBXFileRef_Sources/MySQL/SQLType.swift';
        };
        '__src_cc_ref_Sources/MySQL/Sync.swift' = {
            isa = PBXBuildFile;
            fileRef = '__PBXFileRef_Sources/MySQL/Sync.swift';
        };
        '__src_cc_ref_Sources/MySQL/Transaction.swift' = {
            isa = PBXBuildFile;
            fileRef = '__PBXFileRef_Sources/MySQL/Transaction.swift';
        };
        _LinkFileRef_MySQL = {
            isa = PBXBuildFile;
            fileRef = _____Product_MySQL;
        };
        _______Confs_MySQL = {
            isa = XCConfigurationList;
            buildConfigurations = (___DebugConf_MySQL, _ReleaseConf_MySQL);
            defaultConfigurationIsVisible = 0;
            defaultConfigurationName = Debug;
        };
        ___DebugConf_MySQL = {
            isa = XCBuildConfiguration;
            buildSettings = { LD_RUNPATH_SEARCH_PATHS = '$(TOOLCHAIN_DIR)/usr/lib/swift/macosx'; HEADER_SEARCH_PATHS = /Users/kyle/Projects/mysql-swift/Packages/CMySQL-1.0.0; ENABLE_TESTABILITY = YES; SWIFT_OPTIMIZATION_LEVEL = -Onone; };
            name = Debug;
        };
        _ReleaseConf_MySQL = {
            isa = XCBuildConfiguration;
            buildSettings = { ENABLE_TESTABILITY = YES; LD_RUNPATH_SEARCH_PATHS = '$(TOOLCHAIN_DIR)/usr/lib/swift/macosx'; HEADER_SEARCH_PATHS = /Users/kyle/Projects/mysql-swift/Packages/CMySQL-1.0.0; };
            name = Release;
        };
        __Dependency_MySQL = {
            isa = PBXTargetDependency;
            target = ______Target_MySQL;
        };
        _______Group_SQLFormatter = {
            isa = PBXGroup;
            name = SQLFormatter;
            path = 'Sources/SQLFormatter';
            sourceTree = '<group>';
            children = ('__PBXFileRef_Sources/SQLFormatter/Error.swift', '__PBXFileRef_Sources/SQLFormatter/QueryFormatter.swift');
        };
        '__PBXFileRef_Sources/SQLFormatter/Error.swift' = {
            isa = PBXFileReference;
            lastKnownFileType = sourcecode.swift;
            name = 'Error.swift';
            sourceTree = '<group>';
        };
        '__PBXFileRef_Sources/SQLFormatter/QueryFormatter.swift' = {
            isa = PBXFileReference;
            lastKnownFileType = sourcecode.swift;
            name = 'QueryFormatter.swift';
            sourceTree = '<group>';
        };
        ______Target_SQLFormatter = {
            isa = PBXNativeTarget;
            buildConfigurationList = _______Confs_SQLFormatter;
            buildPhases = (CompilePhase_SQLFormatter, ___LinkPhase_SQLFormatter);
            buildRules = ();
            dependencies = ();
            name = SQLFormatter;
            productName = SQLFormatter;
            productReference = _____Product_SQLFormatter;
            productType = 'com.apple.product-type.library.dynamic';
        };
        _____Product_SQLFormatter = {
            isa = PBXFileReference;
            explicitFileType = 'compiled.mach-o.dylib';
            path = 'SQLFormatter.dylib';
            sourceTree = BUILT_PRODUCTS_DIR;
        };
        CompilePhase_SQLFormatter = {
            isa = PBXSourcesBuildPhase;
            files = ('__src_cc_ref_Sources/SQLFormatter/Error.swift', '__src_cc_ref_Sources/SQLFormatter/QueryFormatter.swift');
            runOnlyForDeploymentPostprocessing = 0;
        };
        ___LinkPhase_SQLFormatter = {
            isa = PBXFrameworksBuildPhase;
            files = ();
            runOnlyForDeploymentPostprocessing = 0;
        };
        '__src_cc_ref_Sources/SQLFormatter/Error.swift' = {
            isa = PBXBuildFile;
            fileRef = '__PBXFileRef_Sources/SQLFormatter/Error.swift';
        };
        '__src_cc_ref_Sources/SQLFormatter/QueryFormatter.swift' = {
            isa = PBXBuildFile;
            fileRef = '__PBXFileRef_Sources/SQLFormatter/QueryFormatter.swift';
        };
        _LinkFileRef_SQLFormatter = {
            isa = PBXBuildFile;
            fileRef = _____Product_SQLFormatter;
        };
        _______Confs_SQLFormatter = {
            isa = XCConfigurationList;
            buildConfigurations = (___DebugConf_SQLFormatter, _ReleaseConf_SQLFormatter);
            defaultConfigurationIsVisible = 0;
            defaultConfigurationName = Debug;
        };
        ___DebugConf_SQLFormatter = {
            isa = XCBuildConfiguration;
            buildSettings = { LD_RUNPATH_SEARCH_PATHS = '$(TOOLCHAIN_DIR)/usr/lib/swift/macosx'; HEADER_SEARCH_PATHS = /Users/kyle/Projects/mysql-swift/Packages/CMySQL-1.0.0; ENABLE_TESTABILITY = YES; SWIFT_OPTIMIZATION_LEVEL = -Onone; };
            name = Debug;
        };
        _ReleaseConf_SQLFormatter = {
            isa = XCBuildConfiguration;
            buildSettings = { ENABLE_TESTABILITY = YES; LD_RUNPATH_SEARCH_PATHS = '$(TOOLCHAIN_DIR)/usr/lib/swift/macosx'; HEADER_SEARCH_PATHS = /Users/kyle/Projects/mysql-swift/Packages/CMySQL-1.0.0; };
            name = Release;
        };
        __Dependency_SQLFormatter = {
            isa = PBXTargetDependency;
            target = ______Target_SQLFormatter;
        };
        _______Group_MySQLTestSuite = {
            isa = PBXGroup;
            name = MySQLTestSuite;
            path = 'Tests/MySQL';
            sourceTree = '<group>';
            children = ('__PBXFileRef_Tests/MySQL/BlobTests.swift', '__PBXFileRef_Tests/MySQL/ConnectionPoolTests.swift', '__PBXFileRef_Tests/MySQL/ConnectionTests.swift', '__PBXFileRef_Tests/MySQL/DateTests.swift', '__PBXFileRef_Tests/MySQL/EscapeTests.swift', '__PBXFileRef_Tests/MySQL/Model.swift', '__PBXFileRef_Tests/MySQL/MySQLTests.swift', '__PBXFileRef_Tests/MySQL/QueryFormatterTests.swift', '__PBXFileRef_Tests/MySQL/QueryTests.swift', '__PBXFileRef_Tests/MySQL/SQLTypeTests.swift');
        };
        '__PBXFileRef_Tests/MySQL/BlobTests.swift' = {
            isa = PBXFileReference;
            lastKnownFileType = sourcecode.swift;
            name = 'BlobTests.swift';
            sourceTree = '<group>';
        };
        '__PBXFileRef_Tests/MySQL/ConnectionPoolTests.swift' = {
            isa = PBXFileReference;
            lastKnownFileType = sourcecode.swift;
            name = 'ConnectionPoolTests.swift';
            sourceTree = '<group>';
        };
        '__PBXFileRef_Tests/MySQL/ConnectionTests.swift' = {
            isa = PBXFileReference;
            lastKnownFileType = sourcecode.swift;
            name = 'ConnectionTests.swift';
            sourceTree = '<group>';
        };
        '__PBXFileRef_Tests/MySQL/DateTests.swift' = {
            isa = PBXFileReference;
            lastKnownFileType = sourcecode.swift;
            name = 'DateTests.swift';
            sourceTree = '<group>';
        };
        '__PBXFileRef_Tests/MySQL/EscapeTests.swift' = {
            isa = PBXFileReference;
            lastKnownFileType = sourcecode.swift;
            name = 'EscapeTests.swift';
            sourceTree = '<group>';
        };
        '__PBXFileRef_Tests/MySQL/Model.swift' = {
            isa = PBXFileReference;
            lastKnownFileType = sourcecode.swift;
            name = 'Model.swift';
            sourceTree = '<group>';
        };
        '__PBXFileRef_Tests/MySQL/MySQLTests.swift' = {
            isa = PBXFileReference;
            lastKnownFileType = sourcecode.swift;
            name = 'MySQLTests.swift';
            sourceTree = '<group>';
        };
        '__PBXFileRef_Tests/MySQL/QueryFormatterTests.swift' = {
            isa = PBXFileReference;
            lastKnownFileType = sourcecode.swift;
            name = 'QueryFormatterTests.swift';
            sourceTree = '<group>';
        };
        '__PBXFileRef_Tests/MySQL/QueryTests.swift' = {
            isa = PBXFileReference;
            lastKnownFileType = sourcecode.swift;
            name = 'QueryTests.swift';
            sourceTree = '<group>';
        };
        '__PBXFileRef_Tests/MySQL/SQLTypeTests.swift' = {
            isa = PBXFileReference;
            lastKnownFileType = sourcecode.swift;
            name = 'SQLTypeTests.swift';
            sourceTree = '<group>';
        };
        ______Target_MySQLTestSuite = {
            isa = PBXNativeTarget;
            buildConfigurationList = _______Confs_MySQLTestSuite;
            buildPhases = (CompilePhase_MySQLTestSuite, ___LinkPhase_MySQLTestSuite);
            buildRules = ();
            dependencies = (__Dependency_MySQL);
            name = MySQLTestSuite;
            productName = MySQLTestSuite;
            productReference = _____Product_MySQLTestSuite;
            productType = 'com.apple.product-type.bundle.unit-test';
        };
        _____Product_MySQLTestSuite = {
            isa = PBXFileReference;
            explicitFileType = 'compiled.mach-o.wrapper.cfbundle';
            path = 'MySQLTestSuite.xctest';
            sourceTree = BUILT_PRODUCTS_DIR;
        };
        CompilePhase_MySQLTestSuite = {
            isa = PBXSourcesBuildPhase;
            files = ('__src_cc_ref_Tests/MySQL/BlobTests.swift', '__src_cc_ref_Tests/MySQL/ConnectionPoolTests.swift', '__src_cc_ref_Tests/MySQL/ConnectionTests.swift', '__src_cc_ref_Tests/MySQL/DateTests.swift', '__src_cc_ref_Tests/MySQL/EscapeTests.swift', '__src_cc_ref_Tests/MySQL/Model.swift', '__src_cc_ref_Tests/MySQL/MySQLTests.swift', '__src_cc_ref_Tests/MySQL/QueryFormatterTests.swift', '__src_cc_ref_Tests/MySQL/QueryTests.swift', '__src_cc_ref_Tests/MySQL/SQLTypeTests.swift');
            runOnlyForDeploymentPostprocessing = 0;
        };
        ___LinkPhase_MySQLTestSuite = {
            isa = PBXFrameworksBuildPhase;
            files = (_LinkFileRef_MySQL, _LinkFileRef_SQLFormatter);
            runOnlyForDeploymentPostprocessing = 0;
        };
        '__src_cc_ref_Tests/MySQL/BlobTests.swift' = {
            isa = PBXBuildFile;
            fileRef = '__PBXFileRef_Tests/MySQL/BlobTests.swift';
        };
        '__src_cc_ref_Tests/MySQL/ConnectionPoolTests.swift' = {
            isa = PBXBuildFile;
            fileRef = '__PBXFileRef_Tests/MySQL/ConnectionPoolTests.swift';
        };
        '__src_cc_ref_Tests/MySQL/ConnectionTests.swift' = {
            isa = PBXBuildFile;
            fileRef = '__PBXFileRef_Tests/MySQL/ConnectionTests.swift';
        };
        '__src_cc_ref_Tests/MySQL/DateTests.swift' = {
            isa = PBXBuildFile;
            fileRef = '__PBXFileRef_Tests/MySQL/DateTests.swift';
        };
        '__src_cc_ref_Tests/MySQL/EscapeTests.swift' = {
            isa = PBXBuildFile;
            fileRef = '__PBXFileRef_Tests/MySQL/EscapeTests.swift';
        };
        '__src_cc_ref_Tests/MySQL/Model.swift' = {
            isa = PBXBuildFile;
            fileRef = '__PBXFileRef_Tests/MySQL/Model.swift';
        };
        '__src_cc_ref_Tests/MySQL/MySQLTests.swift' = {
            isa = PBXBuildFile;
            fileRef = '__PBXFileRef_Tests/MySQL/MySQLTests.swift';
        };
        '__src_cc_ref_Tests/MySQL/QueryFormatterTests.swift' = {
            isa = PBXBuildFile;
            fileRef = '__PBXFileRef_Tests/MySQL/QueryFormatterTests.swift';
        };
        '__src_cc_ref_Tests/MySQL/QueryTests.swift' = {
            isa = PBXBuildFile;
            fileRef = '__PBXFileRef_Tests/MySQL/QueryTests.swift';
        };
        '__src_cc_ref_Tests/MySQL/SQLTypeTests.swift' = {
            isa = PBXBuildFile;
            fileRef = '__PBXFileRef_Tests/MySQL/SQLTypeTests.swift';
        };
        _LinkFileRef_MySQLTestSuite = {
            isa = PBXBuildFile;
            fileRef = _____Product_MySQLTestSuite;
        };
        _______Confs_MySQLTestSuite = {
            isa = XCConfigurationList;
            buildConfigurations = (___DebugConf_MySQLTestSuite, _ReleaseConf_MySQLTestSuite);
            defaultConfigurationIsVisible = 0;
            defaultConfigurationName = Debug;
        };
        ___DebugConf_MySQLTestSuite = {
            isa = XCBuildConfiguration;
            buildSettings = { LD_RUNPATH_SEARCH_PATHS = '@loader_path/../Frameworks'; HEADER_SEARCH_PATHS = ( "/Users/kyle/Projects/mysql-swift/Packages/CMySQL-1.0.0", "/Users/kyle/Projects/mysql-swift/Packages/CMySQL-1.0.0" ); EMBEDDED_CONTENT_CONTAINS_SWIFT = YES; SWIFT_OPTIMIZATION_LEVEL = -Onone; };
            name = Debug;
        };
        _ReleaseConf_MySQLTestSuite = {
            isa = XCBuildConfiguration;
            buildSettings = { EMBEDDED_CONTENT_CONTAINS_SWIFT = YES; LD_RUNPATH_SEARCH_PATHS = '@loader_path/../Frameworks'; HEADER_SEARCH_PATHS = ( "/Users/kyle/Projects/mysql-swift/Packages/CMySQL-1.0.0", "/Users/kyle/Projects/mysql-swift/Packages/CMySQL-1.0.0" ); };
            name = Release;
        };
        __Dependency_MySQLTestSuite = {
            isa = PBXTargetDependency;
            target = ______Target_MySQLTestSuite;
        };
        _______Group_SQLFormatterTestSuite = {
            isa = PBXGroup;
            name = SQLFormatterTestSuite;
            path = 'Tests/SQLFormatter';
            sourceTree = '<group>';
            children = ('__PBXFileRef_Tests/SQLFormatter/SQLFormatterTests.swift');
        };
        '__PBXFileRef_Tests/SQLFormatter/SQLFormatterTests.swift' = {
            isa = PBXFileReference;
            lastKnownFileType = sourcecode.swift;
            name = 'SQLFormatterTests.swift';
            sourceTree = '<group>';
        };
        ______Target_SQLFormatterTestSuite = {
            isa = PBXNativeTarget;
            buildConfigurationList = _______Confs_SQLFormatterTestSuite;
            buildPhases = (CompilePhase_SQLFormatterTestSuite, ___LinkPhase_SQLFormatterTestSuite);
            buildRules = ();
            dependencies = (__Dependency_SQLFormatter);
            name = SQLFormatterTestSuite;
            productName = SQLFormatterTestSuite;
            productReference = _____Product_SQLFormatterTestSuite;
            productType = 'com.apple.product-type.bundle.unit-test';
        };
        _____Product_SQLFormatterTestSuite = {
            isa = PBXFileReference;
            explicitFileType = 'compiled.mach-o.wrapper.cfbundle';
            path = 'SQLFormatterTestSuite.xctest';
            sourceTree = BUILT_PRODUCTS_DIR;
        };
        CompilePhase_SQLFormatterTestSuite = {
            isa = PBXSourcesBuildPhase;
            files = ('__src_cc_ref_Tests/SQLFormatter/SQLFormatterTests.swift');
            runOnlyForDeploymentPostprocessing = 0;
        };
        ___LinkPhase_SQLFormatterTestSuite = {
            isa = PBXFrameworksBuildPhase;
            files = (_LinkFileRef_SQLFormatter);
            runOnlyForDeploymentPostprocessing = 0;
        };
        '__src_cc_ref_Tests/SQLFormatter/SQLFormatterTests.swift' = {
            isa = PBXBuildFile;
            fileRef = '__PBXFileRef_Tests/SQLFormatter/SQLFormatterTests.swift';
        };
        _LinkFileRef_SQLFormatterTestSuite = {
            isa = PBXBuildFile;
            fileRef = _____Product_SQLFormatterTestSuite;
        };
        _______Confs_SQLFormatterTestSuite = {
            isa = XCConfigurationList;
            buildConfigurations = (___DebugConf_SQLFormatterTestSuite, _ReleaseConf_SQLFormatterTestSuite);
            defaultConfigurationIsVisible = 0;
            defaultConfigurationName = Debug;
        };
        ___DebugConf_SQLFormatterTestSuite = {
            isa = XCBuildConfiguration;
            buildSettings = { LD_RUNPATH_SEARCH_PATHS = '@loader_path/../Frameworks'; HEADER_SEARCH_PATHS = ( "/Users/kyle/Projects/mysql-swift/Packages/CMySQL-1.0.0", "/Users/kyle/Projects/mysql-swift/Packages/CMySQL-1.0.0" ); EMBEDDED_CONTENT_CONTAINS_SWIFT = YES; SWIFT_OPTIMIZATION_LEVEL = -Onone; };
            name = Debug;
        };
        _ReleaseConf_SQLFormatterTestSuite = {
            isa = XCBuildConfiguration;
            buildSettings = { EMBEDDED_CONTENT_CONTAINS_SWIFT = YES; LD_RUNPATH_SEARCH_PATHS = '@loader_path/../Frameworks'; HEADER_SEARCH_PATHS = ( "/Users/kyle/Projects/mysql-swift/Packages/CMySQL-1.0.0", "/Users/kyle/Projects/mysql-swift/Packages/CMySQL-1.0.0" ); };
            name = Release;
        };
        __Dependency_SQLFormatterTestSuite = {
            isa = PBXTargetDependency;
            target = ______Target_SQLFormatterTestSuite;
        };
        '__PBXFileRef_MySQL.xcodeproj/Configs/Project.xcconfig' = {
            isa = PBXFileReference;
            lastKnownFileType = text.xcconfig;
            name = 'Project.xcconfig';
            path = 'MySQL.xcodeproj/Configs/Project.xcconfig';
            sourceTree = '<group>';
        };
        _____Configs_ = {
            isa = PBXGroup;
            children = ('__PBXFileRef_MySQL.xcodeproj/Configs/Project.xcconfig');
            name = Configs;
            sourceTree = '<group>';
        };
        _____Sources_ = {
            isa = PBXGroup;
            children = (_______Group_MySQL, _______Group_SQLFormatter);
            name = Sources;
            sourceTree = '<group>';
        };
        _______Tests_ = {
            isa = PBXGroup;
            children = (_______Group_MySQLTestSuite, _______Group_SQLFormatterTestSuite);
            name = Tests;
            sourceTree = '<group>';
        };
       TestProducts_ = {
            isa = PBXGroup;
            children = (_____Product_MySQLTestSuite, _____Product_SQLFormatterTestSuite);
            name = Tests;
            sourceTree = '<group>';
        };
        ____Products_ = {
            isa = PBXGroup;
            children = (TestProducts_, _____Product_MySQL, _____Product_SQLFormatter);
            name = Products;
            sourceTree = '<group>';
        };
        _______Debug_ = {
            isa = XCBuildConfiguration;
            baseConfigurationReference = '__PBXFileRef_MySQL.xcodeproj/Configs/Project.xcconfig';
            buildSettings = {};
            name = Debug;
        };
        _____Release_ = {
            isa = XCBuildConfiguration;
            baseConfigurationReference = '__PBXFileRef_MySQL.xcodeproj/Configs/Project.xcconfig';
            buildSettings = {};
            name = Release;
        };
        ___RootConfs_ = {
            isa = XCConfigurationList;
            buildConfigurations = (_______Debug_, _____Release_);
            defaultConfigurationIsVisible = 0;
            defaultConfigurationName = Debug;
        };
    };
}
